<?xml version="1.0" encoding="utf-8"?>
<Project ToolsVersion="4.0" xmlns="http://schemas.microsoft.com/developer/msbuild/2003">
  <ItemGroup>
    <Filter Include="Source Files">
      <UniqueIdentifier>{4FC737F1-C7A5-4376-A066-2A32D752A2FF}</UniqueIdentifier>
      <Extensions>cpp;c;cc;cxx;def;odl;idl;hpj;bat;asm;asmx</Extensions>
    </Filter>
    <Filter Include="Header Files">
      <UniqueIdentifier>{93995380-89BD-4b04-88EB-625FBE52EBFB}</UniqueIdentifier>
      <Extensions>h;hh;hpp;hxx;hm;inl;inc;xsd</Extensions>
    </Filter>
    <Filter Include="Resource Files">
      <UniqueIdentifier>{67DA6AB6-F800-4c08-8B7A-83BB121AAD01}</UniqueIdentifier>
      <Extensions>rc;ico;cur;bmp;dlg;rc2;rct;bin;rgs;gif;jpg;jpeg;jpe;resx;tiff;tif;png;wav;mfcribbon-ms</Extensions>
    </Filter>
    <Filter Include="Header Files\Blocks">
      <UniqueIdentifier>{2139a399-7ed4-45fe-b69f-9201ecb5443b}</UniqueIdentifier>
    </Filter>
    <Filter Include="Source Files\Blocks">
      <UniqueIdentifier>{b3822990-f4c7-400c-a9b9-2326d5dd1bee}</UniqueIdentifier>
    </Filter>
    <Filter Include="Shaders">
      <UniqueIdentifier>{e979da85-7d93-42c1-a2f9-9feecad097ab}</UniqueIdentifier>
    </Filter>
  </ItemGroup>
  <ItemGroup>
    <ClCompile Include="Code\Tetris3D.cpp">
      <Filter>Source Files</Filter>
    </ClCompile>
    <ClCompile Include="Code\stdafx.cpp">
      <Filter>Source Files</Filter>
    </ClCompile>
    <ClCompile Include="Code\main.cpp">
      <Filter>Source Files</Filter>
    </ClCompile>
    <ClCompile Include="Code\Block.cpp">
      <Filter>Source Files</Filter>
    </ClCompile>
    <ClCompile Include="Code\Blocks\BlockI.cpp">
      <Filter>Source Files\Blocks</Filter>
    </ClCompile>
    <ClCompile Include="Code\Blocks\BlockJ.cpp">
      <Filter>Source Files\Blocks</Filter>
    </ClCompile>
    <ClCompile Include="Code\BlockChooser.cpp">
      <Filter>Source Files</Filter>
    </ClCompile>
    <ClCompile Include="Code\Field.cpp">
      <Filter>Source Files</Filter>
    </ClCompile>
    <ClCompile Include="Code\Blocks\BlockL.cpp">
      <Filter>Source Files\Blocks</Filter>
    </ClCompile>
    <ClCompile Include="Code\Blocks\BlockO.cpp">
      <Filter>Source Files\Blocks</Filter>
    </ClCompile>
    <ClCompile Include="Code\Blocks\BlockS.cpp">
      <Filter>Source Files\Blocks</Filter>
    </ClCompile>
    <ClCompile Include="Code\Blocks\BlockT.cpp">
      <Filter>Source Files\Blocks</Filter>
    </ClCompile>
    <ClCompile Include="Code\Blocks\BlockZ.cpp">
      <Filter>Source Files\Blocks</Filter>
    </ClCompile>
    <ClCompile Include="Code\BaseBlock.cpp">
      <Filter>Source Files</Filter>
    </ClCompile>
    <ClCompile Include="Code\World.cpp">
      <Filter>Source Files</Filter>
    </ClCompile>
    <ClCompile Include="Code\Shader.cpp">
      <Filter>Source Files</Filter>
    </ClCompile>
  </ItemGroup>
  <ItemGroup>
    <ClInclude Include="Code\Tetris3D.hpp">
      <Filter>Header Files</Filter>
    </ClInclude>
    <ClInclude Include="Code\targetver.hpp">
      <Filter>Header Files</Filter>
    </ClInclude>
    <ClInclude Include="Code\stdafx.hpp">
      <Filter>Header Files</Filter>
    </ClInclude>
    <ClInclude Include="Code\Resource.hpp">
      <Filter>Header Files</Filter>
    </ClInclude>
    <ClInclude Include="Code\Block.hpp">
      <Filter>Header Files</Filter>
    </ClInclude>
    <ClInclude Include="Code\Blocks\BlockI.hpp">
      <Filter>Header Files\Blocks</Filter>
    </ClInclude>
    <ClInclude Include="Code\Blocks\BlockJ.hpp">
      <Filter>Header Files\Blocks</Filter>
    </ClInclude>
    <ClInclude Include="Code\BlockChooser.hpp">
      <Filter>Header Files</Filter>
    </ClInclude>
    <ClInclude Include="Code\Field.hpp">
      <Filter>Header Files</Filter>
    </ClInclude>
    <ClInclude Include="Code\Blocks\BlockL.hpp">
      <Filter>Header Files\Blocks</Filter>
    </ClInclude>
    <ClInclude Include="Code\Blocks\BlockO.hpp">
      <Filter>Header Files\Blocks</Filter>
    </ClInclude>
    <ClInclude Include="Code\Blocks\BlockS.hpp">
      <Filter>Header Files\Blocks</Filter>
    </ClInclude>
    <ClInclude Include="Code\Blocks\BlockT.hpp">
      <Filter>Header Files\Blocks</Filter>
    </ClInclude>
    <ClInclude Include="Code\Blocks\BlockZ.hpp">
      <Filter>Header Files\Blocks</Filter>
    </ClInclude>
    <ClInclude Include="Code\BaseBlock.hpp">
      <Filter>Header Files</Filter>
    </ClInclude>
    <ClInclude Include="Code\World.hpp">
      <Filter>Header Files</Filter>
    </ClInclude>
    <ClInclude Include="Code\Shader.hpp">
      <Filter>Header Files</Filter>
    </ClInclude>
  </ItemGroup>
  <ItemGroup>
    <ResourceCompile Include="Code\Tetris3D.rc">
      <Filter>Resource Files</Filter>
    </ResourceCompile>
  </ItemGroup>
  <ItemGroup>
    <Image Include="Resources\small.ico">
      <Filter>Resource Files</Filter>
    </Image>
    <Image Include="Resources\Tetris3D.ico">
      <Filter>Resource Files</Filter>
    </Image>
  </ItemGroup>
  <ItemGroup>
    <None Include="Resources\FragmentShader.glsl">
      <Filter>Shaders</Filter>
    </None>
    <None Include="Resources\VertexShader.glsl">
      <Filter>Shaders</Filter>
    </None>
  </ItemGroup>
  <ItemGroup>
    <Text Include="README.md" />
  </ItemGroup>
</Project>